{
  "name": "amazon-s3-find-and-forget",
  "version": "0.1.0",
  "lockfileVersion": 2,
  "requires": true,
  "packages": {
    "": {
      "name": "amazon-s3-find-and-forget",
      "version": "0.1.0",
      "devDependencies": {
        "@openapitools/openapi-generator-cli": "1.0.18-4.3.1",
        "prettier": "^2.5.1"
      }
    },
    "node_modules/@openapitools/openapi-generator-cli": {
      "version": "1.0.18-4.3.1",
      "resolved": "https://registry.npmjs.org/@openapitools/openapi-generator-cli/-/openapi-generator-cli-1.0.18-4.3.1.tgz",
      "integrity": "sha512-t5OFeIfbD5bUQH3/5xoCHr96ay9nIKPgtlkN9YrX7Ce4q8NdSUU/bl83MJjzU8qcdDiwZtuUgqTM2Y4FLOi9CA==",
      "dev": true,
      "bin": {
        "openapi-generator": "bin/openapi-generator"
      }
    },
    "node_modules/prettier": {
      "version": "2.5.1",
      "resolved": "https://registry.npmjs.org/prettier/-/prettier-2.5.1.tgz",
      "integrity": "sha512-vBZcPRUR5MZJwoyi3ZoyQlc1rXeEck8KgeC9AwwOn+exuxLxq5toTRDTSaVrXHxelDMHy9zlicw8u66yxoSUFg==",
      "dev": true,
      "bin": {
        "prettier": "bin-prettier.js"
      },
      "engines": {
        "node": ">=10.13.0"
      }
    }
  },
  "dependencies": {
    "@openapitools/openapi-generator-cli": {
      "version": "1.0.18-4.3.1",
      "resolved": "https://registry.npmjs.org/@openapitools/openapi-generator-cli/-/openapi-generator-cli-1.0.18-4.3.1.tgz",
      "integrity": "sha512-t5OFeIfbD5bUQH3/5xoCHr96ay9nIKPgtlkN9YrX7Ce4q8NdSUU/bl83MJjzU8qcdDiwZtuUgqTM2Y4FLOi9CA==",
      "dev": true
    },
    "prettier": {
      "version": "2.5.1",
      "resolved": "https://registry.npmjs.org/prettier/-/prettier-2.5.1.tgz",
      "integrity": "sha512-vBZcPRUR5MZJwoyi3ZoyQlc1rXeEck8KgeC9AwwOn+exuxLxq5toTRDTSaVrXHxelDMHy9zlicw8u66yxoSUFg==",
      "dev": true
    }
  }
}
