{
  "name": "amazon-s3-find-and-forget",
  "version": "0.1.0",
  "lockfileVersion": 1,
  "requires": true,
  "dependencies": {
    "@openapitools/openapi-generator-cli": {
      "version": "1.0.10-4.2.3",
      "resolved": "https://registry.npmjs.org/@openapitools/openapi-generator-cli/-/openapi-generator-cli-1.0.10-4.2.3.tgz",
      "integrity": "sha512-Xo4rbz3aPiObpVS8oBUR0pHWYU5WBG/bmsJg16yCG7/vpGE8o1YsROTWMFfaMepWfxESrLP5XOqlBkZqbre7dw==",
      "dev": true
    }
  }
}
